
Microsoft Visual Studio Solution File, Format Version 12.00
# Visual Studio Version 16
VisualStudioVersion = 16.0.31112.23
MinimumVisualStudioVersion = 10.0.40219.1
Project("{FAE04EC0-301F-11D3-BF4B-00C04F79EFBC}") = "NyssKursovoy", "NyssKursovoy\NyssKursovoy.csproj", "{0C8458A8-4EE2-4F8C-B4D9-36B8E3F0406E}"
EndProject
Global
	GlobalSection(SolutionConfigurationPlatforms) = preSolution
		Debug|Any CPU = Debug|Any CPU
		Release|Any CPU = Release|Any CPU
	EndGlobalSection
	GlobalSection(ProjectConfigurationPlatforms) = postSolution
		{0C8458A8-4EE2-4F8C-B4D9-36B8E3F0406E}.Debug|Any CPU.ActiveCfg = Debug|Any CPU
		{0C8458A8-4EE2-4F8C-B4D9-36B8E3F0406E}.Debug|Any CPU.Build.0 = Debug|Any CPU
		{0C8458A8-4EE2-4F8C-B4D9-36B8E3F0406E}.Release|Any CPU.ActiveCfg = Release|Any CPU
		{0C8458A8-4EE2-4F8C-B4D9-36B8E3F0406E}.Release|Any CPU.Build.0 = Release|Any CPU
	EndGlobalSection
	GlobalSection(SolutionProperties) = preSolution
		HideSolutionNode = FALSE
	EndGlobalSection
	GlobalSection(ExtensibilityGlobals) = postSolution
		SolutionGuid = {68828024-CA50-46BB-883F-927D665CF7E7}
	EndGlobalSection
EndGlobal
